
Microsoft Visual Studio Solution File, Format Version 12.00
# Visual Studio Version 17
VisualStudioVersion = 17.8.34316.72
MinimumVisualStudioVersion = 10.0.40219.1
Project("{2150E333-8FDC-42A3-9474-1A3956D46DE8}") = "Api", "Api", "{38F895A5-6983-450D-A21C-68CE097C3251}"
EndProject
Project("{2150E333-8FDC-42A3-9474-1A3956D46DE8}") = "Core", "Core", "{0C58ED7E-423E-4FFD-8EA8-1AA7EFFCAAFF}"
EndProject
Project("{9A19103F-16F7-4668-BE54-9A1E7A4F7556}") = "BMK.Infrastructure", "BMK\BMK.Infrastructure\BMK.Infrastructure.csproj", "{904A12DA-66BA-4495-8731-DDC071C72271}"
EndProject
Project("{2150E333-8FDC-42A3-9474-1A3956D46DE8}") = "Domain", "Domain", "{36CFF462-0FD4-49E8-836F-3D0B1AF354B1}"
EndProject
Project("{9A19103F-16F7-4668-BE54-9A1E7A4F7556}") = "BMK.Domain", "BMK\BMK.Domain\BMK.Domain.csproj", "{63016FC4-DEEB-4B63-B3BB-5CD5F8FF7F7A}"
EndProject
Project("{9A19103F-16F7-4668-BE54-9A1E7A4F7556}") = "BMK.BoundedContext", "BMK\BMK.BoundedContext\BMK.BoundedContext.csproj", "{0F0D4C91-6A2B-4777-A14E-CD49A5CF9569}"
EndProject
Project("{9A19103F-16F7-4668-BE54-9A1E7A4F7556}") = "BMK.UnitOfWork", "BMK\BMK.UnitOfWork\BMK.UnitOfWork.csproj", "{58F1F40A-9BA7-4F5D-BEFD-753DD17CAE28}"
EndProject
Project("{2150E333-8FDC-42A3-9474-1A3956D46DE8}") = "Models", "Models", "{53F56E7F-2628-47EF-8262-2D169FBD2BB7}"
EndProject
Project("{9A19103F-16F7-4668-BE54-9A1E7A4F7556}") = "BMK.Models", "BMK\BMK.Models\BMK.Models.csproj", "{C2016BCA-1D22-4BA4-BF85-33480D1B98CB}"
EndProject
Project("{2150E333-8FDC-42A3-9474-1A3956D46DE8}") = "RxWeb", "RxWeb", "{9EE82567-27CA-44D9-97B1-735DEFF08AF7}"
EndProject
Project("{9A19103F-16F7-4668-BE54-9A1E7A4F7556}") = "RxWeb.Core", "BMK\RxWeb\RxWeb.Core\RxWeb.Core.csproj", "{3C903ECC-24CE-42E7-AAA5-F45031B56F26}"
EndProject
Project("{9A19103F-16F7-4668-BE54-9A1E7A4F7556}") = "RxWeb.Core.Annotations", "BMK\RxWeb\RxWeb.Core.Annotations\RxWeb.Core.Annotations.csproj", "{A6F92B5B-7BBF-4C75-84A8-CAFC1E89C7E4}"
EndProject
Project("{9A19103F-16F7-4668-BE54-9A1E7A4F7556}") = "RxWeb.Core.Cache", "BMK\RxWeb\RxWeb.Core.Cache\RxWeb.Core.Cache.csproj", "{64B2106A-DEF0-431E-B9BE-2B1944F0F84E}"
EndProject
Project("{9A19103F-16F7-4668-BE54-9A1E7A4F7556}") = "RxWeb.Core.Localization", "BMK\RxWeb\RxWeb.Core.Localization\RxWeb.Core.Localization.csproj", "{CDB9188B-C354-42C0-930D-8F461B8A33C4}"
EndProject
Project("{9A19103F-16F7-4668-BE54-9A1E7A4F7556}") = "RxWeb.Core.Common", "BMK\RxWeb\RxWeb.Core.Common\RxWeb.Core.Common.csproj", "{66E60EAC-E04E-4BC1-BA51-A6DEE445799F}"
EndProject
Project("{9A19103F-16F7-4668-BE54-9A1E7A4F7556}") = "RxWeb.Core.Logging", "BMK\RxWeb\RxWeb.Core.Logging\RxWeb.Core.Logging.csproj", "{9C8F1F70-B551-4EFA-B24E-BFB4E2AE4E8E}"
EndProject
Project("{9A19103F-16F7-4668-BE54-9A1E7A4F7556}") = "RxWeb.Core.Repository", "BMK\RxWeb\RxWeb.Core.Repository\RxWeb.Core.Repository.csproj", "{BD6F96B1-36DA-4070-9182-B0456C4E0382}"
EndProject
Project("{9A19103F-16F7-4668-BE54-9A1E7A4F7556}") = "RxWeb.Core.Sanitizers", "BMK\RxWeb\RxWeb.Core.Sanitizers\RxWeb.Core.Sanitizers.csproj", "{A421376A-E375-4B7F-9BA4-12C129627F4C}"
EndProject
Project("{9A19103F-16F7-4668-BE54-9A1E7A4F7556}") = "RxWeb.Core.Security", "BMK\RxWeb\RxWeb.Core.Security\RxWeb.Core.Security.csproj", "{263CC3FF-6CA6-4949-91A8-E7F94770E835}"
EndProject
Project("{9A19103F-16F7-4668-BE54-9A1E7A4F7556}") = "BMK.Api", "BMK\BMK.Api\BMK.Api.csproj", "{CAA72FD4-FEC5-4B37-98AE-079E52F85E5F}"
EndProject
Project("{9A19103F-16F7-4668-BE54-9A1E7A4F7556}") = "RxWeb.Core.AspNetCore", "BMK\RxWeb\RxWeb.Core.AspNetCore\RxWeb.Core.AspNetCore.csproj", "{54A25924-5D95-4C27-8BB1-ED92E784A525}"
EndProject
Global
	GlobalSection(SolutionConfigurationPlatforms) = preSolution
		Debug|Any CPU = Debug|Any CPU
		Release|Any CPU = Release|Any CPU
	EndGlobalSection
	GlobalSection(ProjectConfigurationPlatforms) = postSolution
		{904A12DA-66BA-4495-8731-DDC071C72271}.Debug|Any CPU.ActiveCfg = Debug|Any CPU
		{904A12DA-66BA-4495-8731-DDC071C72271}.Debug|Any CPU.Build.0 = Debug|Any CPU
		{904A12DA-66BA-4495-8731-DDC071C72271}.Release|Any CPU.ActiveCfg = Release|Any CPU
		{904A12DA-66BA-4495-8731-DDC071C72271}.Release|Any CPU.Build.0 = Release|Any CPU
		{63016FC4-DEEB-4B63-B3BB-5CD5F8FF7F7A}.Debug|Any CPU.ActiveCfg = Debug|Any CPU
		{63016FC4-DEEB-4B63-B3BB-5CD5F8FF7F7A}.Debug|Any CPU.Build.0 = Debug|Any CPU
		{63016FC4-DEEB-4B63-B3BB-5CD5F8FF7F7A}.Release|Any CPU.ActiveCfg = Release|Any CPU
		{63016FC4-DEEB-4B63-B3BB-5CD5F8FF7F7A}.Release|Any CPU.Build.0 = Release|Any CPU
		{0F0D4C91-6A2B-4777-A14E-CD49A5CF9569}.Debug|Any CPU.ActiveCfg = Debug|Any CPU
		{0F0D4C91-6A2B-4777-A14E-CD49A5CF9569}.Debug|Any CPU.Build.0 = Debug|Any CPU
		{0F0D4C91-6A2B-4777-A14E-CD49A5CF9569}.Release|Any CPU.ActiveCfg = Release|Any CPU
		{0F0D4C91-6A2B-4777-A14E-CD49A5CF9569}.Release|Any CPU.Build.0 = Release|Any CPU
		{58F1F40A-9BA7-4F5D-BEFD-753DD17CAE28}.Debug|Any CPU.ActiveCfg = Debug|Any CPU
		{58F1F40A-9BA7-4F5D-BEFD-753DD17CAE28}.Debug|Any CPU.Build.0 = Debug|Any CPU
		{58F1F40A-9BA7-4F5D-BEFD-753DD17CAE28}.Release|Any CPU.ActiveCfg = Release|Any CPU
		{58F1F40A-9BA7-4F5D-BEFD-753DD17CAE28}.Release|Any CPU.Build.0 = Release|Any CPU
		{C2016BCA-1D22-4BA4-BF85-33480D1B98CB}.Debug|Any CPU.ActiveCfg = Debug|Any CPU
		{C2016BCA-1D22-4BA4-BF85-33480D1B98CB}.Debug|Any CPU.Build.0 = Debug|Any CPU
		{C2016BCA-1D22-4BA4-BF85-33480D1B98CB}.Release|Any CPU.ActiveCfg = Release|Any CPU
		{C2016BCA-1D22-4BA4-BF85-33480D1B98CB}.Release|Any CPU.Build.0 = Release|Any CPU
		{3C903ECC-24CE-42E7-AAA5-F45031B56F26}.Debug|Any CPU.ActiveCfg = Debug|Any CPU
		{3C903ECC-24CE-42E7-AAA5-F45031B56F26}.Debug|Any CPU.Build.0 = Debug|Any CPU
		{3C903ECC-24CE-42E7-AAA5-F45031B56F26}.Release|Any CPU.ActiveCfg = Release|Any CPU
		{3C903ECC-24CE-42E7-AAA5-F45031B56F26}.Release|Any CPU.Build.0 = Release|Any CPU
		{A6F92B5B-7BBF-4C75-84A8-CAFC1E89C7E4}.Debug|Any CPU.ActiveCfg = Debug|Any CPU
		{A6F92B5B-7BBF-4C75-84A8-CAFC1E89C7E4}.Debug|Any CPU.Build.0 = Debug|Any CPU
		{A6F92B5B-7BBF-4C75-84A8-CAFC1E89C7E4}.Release|Any CPU.ActiveCfg = Release|Any CPU
		{A6F92B5B-7BBF-4C75-84A8-CAFC1E89C7E4}.Release|Any CPU.Build.0 = Release|Any CPU
		{64B2106A-DEF0-431E-B9BE-2B1944F0F84E}.Debug|Any CPU.ActiveCfg = Debug|Any CPU
		{64B2106A-DEF0-431E-B9BE-2B1944F0F84E}.Debug|Any CPU.Build.0 = Debug|Any CPU
		{64B2106A-DEF0-431E-B9BE-2B1944F0F84E}.Release|Any CPU.ActiveCfg = Release|Any CPU
		{64B2106A-DEF0-431E-B9BE-2B1944F0F84E}.Release|Any CPU.Build.0 = Release|Any CPU
		{CDB9188B-C354-42C0-930D-8F461B8A33C4}.Debug|Any CPU.ActiveCfg = Debug|Any CPU
		{CDB9188B-C354-42C0-930D-8F461B8A33C4}.Debug|Any CPU.Build.0 = Debug|Any CPU
		{CDB9188B-C354-42C0-930D-8F461B8A33C4}.Release|Any CPU.ActiveCfg = Release|Any CPU
		{CDB9188B-C354-42C0-930D-8F461B8A33C4}.Release|Any CPU.Build.0 = Release|Any CPU
		{66E60EAC-E04E-4BC1-BA51-A6DEE445799F}.Debug|Any CPU.ActiveCfg = Debug|Any CPU
		{66E60EAC-E04E-4BC1-BA51-A6DEE445799F}.Debug|Any CPU.Build.0 = Debug|Any CPU
		{66E60EAC-E04E-4BC1-BA51-A6DEE445799F}.Release|Any CPU.ActiveCfg = Release|Any CPU
		{66E60EAC-E04E-4BC1-BA51-A6DEE445799F}.Release|Any CPU.Build.0 = Release|Any CPU
		{9C8F1F70-B551-4EFA-B24E-BFB4E2AE4E8E}.Debug|Any CPU.ActiveCfg = Debug|Any CPU
		{9C8F1F70-B551-4EFA-B24E-BFB4E2AE4E8E}.Debug|Any CPU.Build.0 = Debug|Any CPU
		{9C8F1F70-B551-4EFA-B24E-BFB4E2AE4E8E}.Release|Any CPU.ActiveCfg = Release|Any CPU
		{9C8F1F70-B551-4EFA-B24E-BFB4E2AE4E8E}.Release|Any CPU.Build.0 = Release|Any CPU
		{BD6F96B1-36DA-4070-9182-B0456C4E0382}.Debug|Any CPU.ActiveCfg = Debug|Any CPU
		{BD6F96B1-36DA-4070-9182-B0456C4E0382}.Debug|Any CPU.Build.0 = Debug|Any CPU
		{BD6F96B1-36DA-4070-9182-B0456C4E0382}.Release|Any CPU.ActiveCfg = Release|Any CPU
		{BD6F96B1-36DA-4070-9182-B0456C4E0382}.Release|Any CPU.Build.0 = Release|Any CPU
		{A421376A-E375-4B7F-9BA4-12C129627F4C}.Debug|Any CPU.ActiveCfg = Debug|Any CPU
		{A421376A-E375-4B7F-9BA4-12C129627F4C}.Debug|Any CPU.Build.0 = Debug|Any CPU
		{A421376A-E375-4B7F-9BA4-12C129627F4C}.Release|Any CPU.ActiveCfg = Release|Any CPU
		{A421376A-E375-4B7F-9BA4-12C129627F4C}.Release|Any CPU.Build.0 = Release|Any CPU
		{263CC3FF-6CA6-4949-91A8-E7F94770E835}.Debug|Any CPU.ActiveCfg = Debug|Any CPU
		{263CC3FF-6CA6-4949-91A8-E7F94770E835}.Debug|Any CPU.Build.0 = Debug|Any CPU
		{263CC3FF-6CA6-4949-91A8-E7F94770E835}.Release|Any CPU.ActiveCfg = Release|Any CPU
		{263CC3FF-6CA6-4949-91A8-E7F94770E835}.Release|Any CPU.Build.0 = Release|Any CPU
		{CAA72FD4-FEC5-4B37-98AE-079E52F85E5F}.Debug|Any CPU.ActiveCfg = Debug|Any CPU
		{CAA72FD4-FEC5-4B37-98AE-079E52F85E5F}.Debug|Any CPU.Build.0 = Debug|Any CPU
		{CAA72FD4-FEC5-4B37-98AE-079E52F85E5F}.Release|Any CPU.ActiveCfg = Release|Any CPU
		{CAA72FD4-FEC5-4B37-98AE-079E52F85E5F}.Release|Any CPU.Build.0 = Release|Any CPU
		{54A25924-5D95-4C27-8BB1-ED92E784A525}.Debug|Any CPU.ActiveCfg = Debug|Any CPU
		{54A25924-5D95-4C27-8BB1-ED92E784A525}.Debug|Any CPU.Build.0 = Debug|Any CPU
		{54A25924-5D95-4C27-8BB1-ED92E784A525}.Release|Any CPU.ActiveCfg = Release|Any CPU
		{54A25924-5D95-4C27-8BB1-ED92E784A525}.Release|Any CPU.Build.0 = Release|Any CPU
	EndGlobalSection
	GlobalSection(SolutionProperties) = preSolution
		HideSolutionNode = FALSE
	EndGlobalSection
	GlobalSection(NestedProjects) = preSolution
		{904A12DA-66BA-4495-8731-DDC071C72271} = {0C58ED7E-423E-4FFD-8EA8-1AA7EFFCAAFF}
		{63016FC4-DEEB-4B63-B3BB-5CD5F8FF7F7A} = {36CFF462-0FD4-49E8-836F-3D0B1AF354B1}
		{0F0D4C91-6A2B-4777-A14E-CD49A5CF9569} = {36CFF462-0FD4-49E8-836F-3D0B1AF354B1}
		{58F1F40A-9BA7-4F5D-BEFD-753DD17CAE28} = {36CFF462-0FD4-49E8-836F-3D0B1AF354B1}
		{C2016BCA-1D22-4BA4-BF85-33480D1B98CB} = {53F56E7F-2628-47EF-8262-2D169FBD2BB7}
		{3C903ECC-24CE-42E7-AAA5-F45031B56F26} = {9EE82567-27CA-44D9-97B1-735DEFF08AF7}
		{A6F92B5B-7BBF-4C75-84A8-CAFC1E89C7E4} = {9EE82567-27CA-44D9-97B1-735DEFF08AF7}
		{64B2106A-DEF0-431E-B9BE-2B1944F0F84E} = {9EE82567-27CA-44D9-97B1-735DEFF08AF7}
		{CDB9188B-C354-42C0-930D-8F461B8A33C4} = {9EE82567-27CA-44D9-97B1-735DEFF08AF7}
		{66E60EAC-E04E-4BC1-BA51-A6DEE445799F} = {9EE82567-27CA-44D9-97B1-735DEFF08AF7}
		{9C8F1F70-B551-4EFA-B24E-BFB4E2AE4E8E} = {9EE82567-27CA-44D9-97B1-735DEFF08AF7}
		{BD6F96B1-36DA-4070-9182-B0456C4E0382} = {9EE82567-27CA-44D9-97B1-735DEFF08AF7}
		{A421376A-E375-4B7F-9BA4-12C129627F4C} = {9EE82567-27CA-44D9-97B1-735DEFF08AF7}
		{263CC3FF-6CA6-4949-91A8-E7F94770E835} = {9EE82567-27CA-44D9-97B1-735DEFF08AF7}
		{CAA72FD4-FEC5-4B37-98AE-079E52F85E5F} = {38F895A5-6983-450D-A21C-68CE097C3251}
		{54A25924-5D95-4C27-8BB1-ED92E784A525} = {9EE82567-27CA-44D9-97B1-735DEFF08AF7}
	EndGlobalSection
	GlobalSection(ExtensibilityGlobals) = postSolution
		SolutionGuid = {B93FD2B4-334D-43DD-95E0-AD1037CE0C8C}
	EndGlobalSection
EndGlobal
